// !$*UTF8*$!
{
	archiveVersion = 1;
	classes = {
	};
	objectVersion = 46;
	objects = {

/* Begin PBXBuildFile section */
		3F7AC9CF1C4E3E7E000B08C9 /* CityButton.swift in Sources */ = {isa = PBXBuildFile; fileRef = 3F7AC9CE1C4E3E7E000B08C9 /* CityButton.swift */; };
		3F7FB6851C47461A00A60BAB /* PopView.swift in Sources */ = {isa = PBXBuildFile; fileRef = 3F7FB6841C47461A00A60BAB /* PopView.swift */; };
		3F82CEBF1C45ECA900C27413 /* Main.storyboard in Resources */ = {isa = PBXBuildFile; fileRef = 3F82CEBD1C45ECA900C27413 /* Main.storyboard */; };
		3F82CEC11C45F9DD00C27413 /* CityPickerView.swift in Sources */ = {isa = PBXBuildFile; fileRef = 3F82CEC01C45F9DD00C27413 /* CityPickerView.swift */; };
		3F82CEC31C4601EE00C27413 /* ProvincePickerView.swift in Sources */ = {isa = PBXBuildFile; fileRef = 3F82CEC21C4601EE00C27413 /* ProvincePickerView.swift */; };
		3F84F9211C4DCF1100E0B7FB /* PickerButton.swift in Sources */ = {isa = PBXBuildFile; fileRef = 3F84F9201C4DCF1100E0B7FB /* PickerButton.swift */; };
		3F84F9231C4DD90B00E0B7FB /* SalaryTypePickerView.swift in Sources */ = {isa = PBXBuildFile; fileRef = 3F84F9221C4DD90B00E0B7FB /* SalaryTypePickerView.swift */; };
		3F84F9251C4DE09A00E0B7FB /* SalaryPickerView.swift in Sources */ = {isa = PBXBuildFile; fileRef = 3F84F9241C4DE09A00E0B7FB /* SalaryPickerView.swift */; };
		3F84F9271C4DE0FB00E0B7FB /* JobTypePickerView.swift in Sources */ = {isa = PBXBuildFile; fileRef = 3F84F9261C4DE0FB00E0B7FB /* JobTypePickerView.swift */; };
		3F84F9291C4DE1A000E0B7FB /* JobPickerView.swift in Sources */ = {isa = PBXBuildFile; fileRef = 3F84F9281C4DE1A000E0B7FB /* JobPickerView.swift */; };
		3FA0DBE01C3D0E99005B4D4E /* MTAutoLayout.swift in Sources */ = {isa = PBXBuildFile; fileRef = 3FA0DBDF1C3D0E99005B4D4E /* MTAutoLayout.swift */; };
		3FA125871C464AC3000F4530 /* PlacePopView.swift in Sources */ = {isa = PBXBuildFile; fileRef = 3FA125861C464AC3000F4530 /* PlacePopView.swift */; };
		3FA125891C464B21000F4530 /* SalaryPopView.swift in Sources */ = {isa = PBXBuildFile; fileRef = 3FA125881C464B21000F4530 /* SalaryPopView.swift */; };
		3FA1258B1C464B46000F4530 /* JobPopView.swift in Sources */ = {isa = PBXBuildFile; fileRef = 3FA1258A1C464B46000F4530 /* JobPopView.swift */; };
		3FEE36B71C4CC96E00598F5B /* PickerView.swift in Sources */ = {isa = PBXBuildFile; fileRef = 3FEE36B61C4CC96E00598F5B /* PickerView.swift */; };
		FF30B46E1C16D00C00550D71 /* InformationVC.swift in Sources */ = {isa = PBXBuildFile; fileRef = FF30B46D1C16D00C00550D71 /* InformationVC.swift */; };
		FF30B4731C16D9EE00550D71 /* TitleCell.swift in Sources */ = {isa = PBXBuildFile; fileRef = FF30B4721C16D9EE00550D71 /* TitleCell.swift */; };
		FF30B4751C16DA1300550D71 /* TextCell.swift in Sources */ = {isa = PBXBuildFile; fileRef = FF30B4741C16DA1300550D71 /* TextCell.swift */; };
		FF30B4771C16DA2100550D71 /* IncomeCell.swift in Sources */ = {isa = PBXBuildFile; fileRef = FF30B4761C16DA2100550D71 /* IncomeCell.swift */; };
		FF30B4791C16DA5800550D71 /* DetailsCell.swift in Sources */ = {isa = PBXBuildFile; fileRef = FF30B4781C16DA5800550D71 /* DetailsCell.swift */; };
		FF30B47B1C16DA6600550D71 /* ApplyCell.swift in Sources */ = {isa = PBXBuildFile; fileRef = FF30B47A1C16DA6600550D71 /* ApplyCell.swift */; };
		FF30B47F1C16F30C00550D71 /* Job.swift in Sources */ = {isa = PBXBuildFile; fileRef = FF30B47E1C16F30C00550D71 /* Job.swift */; };
		FF5F52DB1C0F0A66005EAD2C /* WorkingTableViewCell.swift in Sources */ = {isa = PBXBuildFile; fileRef = FF5F52DA1C0F0A66005EAD2C /* WorkingTableViewCell.swift */; };
		FF5F52DD1C0F1F37005EAD2C /* SexViewController.swift in Sources */ = {isa = PBXBuildFile; fileRef = FF5F52DC1C0F1F37005EAD2C /* SexViewController.swift */; };
		FF5F52DF1C0F1F55005EAD2C /* SexTableViewCell.swift in Sources */ = {isa = PBXBuildFile; fileRef = FF5F52DE1C0F1F55005EAD2C /* SexTableViewCell.swift */; };
		FF7624F01C0DD9AB00F21D31 /* WorkingViewController.swift in Sources */ = {isa = PBXBuildFile; fileRef = FF7624EF1C0DD9AB00F21D31 /* WorkingViewController.swift */; };
		FF7758761C2A8E9200C0457B /* MenuButton.swift in Sources */ = {isa = PBXBuildFile; fileRef = FF7758751C2A8E9200C0457B /* MenuButton.swift */; };
		FF7758801C2AB10200C0457B /* Menu.swift in Sources */ = {isa = PBXBuildFile; fileRef = FF77587F1C2AB10200C0457B /* Menu.swift */; };
		FF7C6CF11C159C37003FE40C /* PickerViewController.swift in Sources */ = {isa = PBXBuildFile; fileRef = FF7C6CF01C159C37003FE40C /* PickerViewController.swift */; };
		FF82B80F1C199EE600DBF9DC /* SetDashLine.swift in Sources */ = {isa = PBXBuildFile; fileRef = FF82B80E1C199EE600DBF9DC /* SetDashLine.swift */; };
		FF8C353D1C0C63D10024474F /* AppDelegate.swift in Sources */ = {isa = PBXBuildFile; fileRef = FF8C353C1C0C63D10024474F /* AppDelegate.swift */; };
		FF8C353F1C0C63D10024474F /* ViewController.swift in Sources */ = {isa = PBXBuildFile; fileRef = FF8C353E1C0C63D10024474F /* ViewController.swift */; };
		FF8C35441C0C63D10024474F /* Assets.xcassets in Resources */ = {isa = PBXBuildFile; fileRef = FF8C35431C0C63D10024474F /* Assets.xcassets */; };
		FF8C35471C0C63D10024474F /* LaunchScreen.storyboard in Resources */ = {isa = PBXBuildFile; fileRef = FF8C35451C0C63D10024474F /* LaunchScreen.storyboard */; };
		FF8C35521C0C63D10024474F /* MtoM_fakeTests.swift in Sources */ = {isa = PBXBuildFile; fileRef = FF8C35511C0C63D10024474F /* MtoM_fakeTests.swift */; };
		FF8C355D1C0C63D10024474F /* MtoM_fakeUITests.swift in Sources */ = {isa = PBXBuildFile; fileRef = FF8C355C1C0C63D10024474F /* MtoM_fakeUITests.swift */; };
		FF8C356D1C0C77230024474F /* LivingPlaceTableViewCell.swift in Sources */ = {isa = PBXBuildFile; fileRef = FF8C356C1C0C77230024474F /* LivingPlaceTableViewCell.swift */; };
		FF8C356F1C0C7E9A0024474F /* LivingPlaceViewController.swift in Sources */ = {isa = PBXBuildFile; fileRef = FF8C356E1C0C7E9A0024474F /* LivingPlaceViewController.swift */; };
		FF8C35711C0C84860024474F /* Utils.swift in Sources */ = {isa = PBXBuildFile; fileRef = FF8C35701C0C84860024474F /* Utils.swift */; };
/* End PBXBuildFile section */

/* Begin PBXContainerItemProxy section */
		FF8C354E1C0C63D10024474F /* PBXContainerItemProxy */ = {
			isa = PBXContainerItemProxy;
			containerPortal = FF8C35311C0C63D10024474F /* Project object */;
			proxyType = 1;
			remoteGlobalIDString = FF8C35381C0C63D10024474F;
			remoteInfo = "MtoM fake";
		};
		FF8C35591C0C63D10024474F /* PBXContainerItemProxy */ = {
			isa = PBXContainerItemProxy;
			containerPortal = FF8C35311C0C63D10024474F /* Project object */;
			proxyType = 1;
			remoteGlobalIDString = FF8C35381C0C63D10024474F;
			remoteInfo = "MtoM fake";
		};
/* End PBXContainerItemProxy section */

/* Begin PBXFileReference section */
		3F7AC9CE1C4E3E7E000B08C9 /* CityButton.swift */ = {isa = PBXFileReference; fileEncoding = 4; lastKnownFileType = sourcecode.swift; path = CityButton.swift; sourceTree = "<group>"; };
		3F7FB6841C47461A00A60BAB /* PopView.swift */ = {isa = PBXFileReference; fileEncoding = 4; lastKnownFileType = sourcecode.swift; path = PopView.swift; sourceTree = "<group>"; };
		3F82CEBE1C45ECA900C27413 /* Base */ = {isa = PBXFileReference; lastKnownFileType = file.storyboard; name = Base; path = "../../MtoM_Fake copy/MtoM fake/Base.lproj/Main.storyboard"; sourceTree = "<group>"; };
		3F82CEC01C45F9DD00C27413 /* CityPickerView.swift */ = {isa = PBXFileReference; fileEncoding = 4; lastKnownFileType = sourcecode.swift; path = CityPickerView.swift; sourceTree = "<group>"; };
		3F82CEC21C4601EE00C27413 /* ProvincePickerView.swift */ = {isa = PBXFileReference; fileEncoding = 4; lastKnownFileType = sourcecode.swift; path = ProvincePickerView.swift; sourceTree = "<group>"; };
		3F84F9201C4DCF1100E0B7FB /* PickerButton.swift */ = {isa = PBXFileReference; fileEncoding = 4; lastKnownFileType = sourcecode.swift; path = PickerButton.swift; sourceTree = "<group>"; };
		3F84F9221C4DD90B00E0B7FB /* SalaryTypePickerView.swift */ = {isa = PBXFileReference; fileEncoding = 4; lastKnownFileType = sourcecode.swift; path = SalaryTypePickerView.swift; sourceTree = "<group>"; };
		3F84F9241C4DE09A00E0B7FB /* SalaryPickerView.swift */ = {isa = PBXFileReference; fileEncoding = 4; lastKnownFileType = sourcecode.swift; path = SalaryPickerView.swift; sourceTree = "<group>"; };
		3F84F9261C4DE0FB00E0B7FB /* JobTypePickerView.swift */ = {isa = PBXFileReference; fileEncoding = 4; lastKnownFileType = sourcecode.swift; path = JobTypePickerView.swift; sourceTree = "<group>"; };
		3F84F9281C4DE1A000E0B7FB /* JobPickerView.swift */ = {isa = PBXFileReference; fileEncoding = 4; lastKnownFileType = sourcecode.swift; path = JobPickerView.swift; sourceTree = "<group>"; };
		3FA0DBDF1C3D0E99005B4D4E /* MTAutoLayout.swift */ = {isa = PBXFileReference; fileEncoding = 4; lastKnownFileType = sourcecode.swift; path = MTAutoLayout.swift; sourceTree = "<group>"; };
		3FA125861C464AC3000F4530 /* PlacePopView.swift */ = {isa = PBXFileReference; fileEncoding = 4; lastKnownFileType = sourcecode.swift; path = PlacePopView.swift; sourceTree = "<group>"; };
		3FA125881C464B21000F4530 /* SalaryPopView.swift */ = {isa = PBXFileReference; fileEncoding = 4; lastKnownFileType = sourcecode.swift; path = SalaryPopView.swift; sourceTree = "<group>"; };
		3FA1258A1C464B46000F4530 /* JobPopView.swift */ = {isa = PBXFileReference; fileEncoding = 4; lastKnownFileType = sourcecode.swift; path = JobPopView.swift; sourceTree = "<group>"; };
		3FEE36B61C4CC96E00598F5B /* PickerView.swift */ = {isa = PBXFileReference; fileEncoding = 4; lastKnownFileType = sourcecode.swift; path = PickerView.swift; sourceTree = "<group>"; };
		FF30B46D1C16D00C00550D71 /* InformationVC.swift */ = {isa = PBXFileReference; fileEncoding = 4; lastKnownFileType = sourcecode.swift; path = InformationVC.swift; sourceTree = "<group>"; };
		FF30B4721C16D9EE00550D71 /* TitleCell.swift */ = {isa = PBXFileReference; fileEncoding = 4; lastKnownFileType = sourcecode.swift; path = TitleCell.swift; sourceTree = "<group>"; };
		FF30B4741C16DA1300550D71 /* TextCell.swift */ = {isa = PBXFileReference; fileEncoding = 4; lastKnownFileType = sourcecode.swift; path = TextCell.swift; sourceTree = "<group>"; };
		FF30B4761C16DA2100550D71 /* IncomeCell.swift */ = {isa = PBXFileReference; fileEncoding = 4; lastKnownFileType = sourcecode.swift; path = IncomeCell.swift; sourceTree = "<group>"; };
		FF30B4781C16DA5800550D71 /* DetailsCell.swift */ = {isa = PBXFileReference; fileEncoding = 4; lastKnownFileType = sourcecode.swift; path = DetailsCell.swift; sourceTree = "<group>"; };
		FF30B47A1C16DA6600550D71 /* ApplyCell.swift */ = {isa = PBXFileReference; fileEncoding = 4; lastKnownFileType = sourcecode.swift; path = ApplyCell.swift; sourceTree = "<group>"; };
		FF30B47E1C16F30C00550D71 /* Job.swift */ = {isa = PBXFileReference; fileEncoding = 4; lastKnownFileType = sourcecode.swift; path = Job.swift; sourceTree = "<group>"; };
		FF5F52DA1C0F0A66005EAD2C /* WorkingTableViewCell.swift */ = {isa = PBXFileReference; fileEncoding = 4; lastKnownFileType = sourcecode.swift; path = WorkingTableViewCell.swift; sourceTree = "<group>"; };
		FF5F52DC1C0F1F37005EAD2C /* SexViewController.swift */ = {isa = PBXFileReference; fileEncoding = 4; lastKnownFileType = sourcecode.swift; path = SexViewController.swift; sourceTree = "<group>"; };
		FF5F52DE1C0F1F55005EAD2C /* SexTableViewCell.swift */ = {isa = PBXFileReference; fileEncoding = 4; lastKnownFileType = sourcecode.swift; path = SexTableViewCell.swift; sourceTree = "<group>"; };
		FF7624EF1C0DD9AB00F21D31 /* WorkingViewController.swift */ = {isa = PBXFileReference; fileEncoding = 4; lastKnownFileType = sourcecode.swift; path = WorkingViewController.swift; sourceTree = "<group>"; };
		FF7758751C2A8E9200C0457B /* MenuButton.swift */ = {isa = PBXFileReference; fileEncoding = 4; lastKnownFileType = sourcecode.swift; path = MenuButton.swift; sourceTree = "<group>"; };
		FF77587F1C2AB10200C0457B /* Menu.swift */ = {isa = PBXFileReference; fileEncoding = 4; lastKnownFileType = sourcecode.swift; path = Menu.swift; sourceTree = "<group>"; };
		FF7C6CF01C159C37003FE40C /* PickerViewController.swift */ = {isa = PBXFileReference; fileEncoding = 4; lastKnownFileType = sourcecode.swift; path = PickerViewController.swift; sourceTree = "<group>"; };
		FF82B80E1C199EE600DBF9DC /* SetDashLine.swift */ = {isa = PBXFileReference; fileEncoding = 4; lastKnownFileType = sourcecode.swift; path = SetDashLine.swift; sourceTree = "<group>"; };
		FF8C35391C0C63D10024474F /* MtoM fake.app */ = {isa = PBXFileReference; explicitFileType = wrapper.application; includeInIndex = 0; path = "MtoM fake.app"; sourceTree = BUILT_PRODUCTS_DIR; };
		FF8C353C1C0C63D10024474F /* AppDelegate.swift */ = {isa = PBXFileReference; lastKnownFileType = sourcecode.swift; path = AppDelegate.swift; sourceTree = "<group>"; };
		FF8C353E1C0C63D10024474F /* ViewController.swift */ = {isa = PBXFileReference; lastKnownFileType = sourcecode.swift; path = ViewController.swift; sourceTree = "<group>"; };
		FF8C35431C0C63D10024474F /* Assets.xcassets */ = {isa = PBXFileReference; lastKnownFileType = folder.assetcatalog; path = Assets.xcassets; sourceTree = "<group>"; };
		FF8C35461C0C63D10024474F /* Base */ = {isa = PBXFileReference; lastKnownFileType = file.storyboard; name = Base; path = Base.lproj/LaunchScreen.storyboard; sourceTree = "<group>"; };
		FF8C35481C0C63D10024474F /* Info.plist */ = {isa = PBXFileReference; lastKnownFileType = text.plist.xml; path = Info.plist; sourceTree = "<group>"; };
		FF8C354D1C0C63D10024474F /* MtoM fakeTests.xctest */ = {isa = PBXFileReference; explicitFileType = wrapper.cfbundle; includeInIndex = 0; path = "MtoM fakeTests.xctest"; sourceTree = BUILT_PRODUCTS_DIR; };
		FF8C35511C0C63D10024474F /* MtoM_fakeTests.swift */ = {isa = PBXFileReference; lastKnownFileType = sourcecode.swift; path = MtoM_fakeTests.swift; sourceTree = "<group>"; };
		FF8C35531C0C63D10024474F /* Info.plist */ = {isa = PBXFileReference; lastKnownFileType = text.plist.xml; path = Info.plist; sourceTree = "<group>"; };
		FF8C35581C0C63D10024474F /* MtoM fakeUITests.xctest */ = {isa = PBXFileReference; explicitFileType = wrapper.cfbundle; includeInIndex = 0; path = "MtoM fakeUITests.xctest"; sourceTree = BUILT_PRODUCTS_DIR; };
		FF8C355C1C0C63D10024474F /* MtoM_fakeUITests.swift */ = {isa = PBXFileReference; lastKnownFileType = sourcecode.swift; path = MtoM_fakeUITests.swift; sourceTree = "<group>"; };
		FF8C355E1C0C63D10024474F /* Info.plist */ = {isa = PBXFileReference; lastKnownFileType = text.plist.xml; path = Info.plist; sourceTree = "<group>"; };
		FF8C356C1C0C77230024474F /* LivingPlaceTableViewCell.swift */ = {isa = PBXFileReference; fileEncoding = 4; lastKnownFileType = sourcecode.swift; path = LivingPlaceTableViewCell.swift; sourceTree = "<group>"; };
		FF8C356E1C0C7E9A0024474F /* LivingPlaceViewController.swift */ = {isa = PBXFileReference; fileEncoding = 4; lastKnownFileType = sourcecode.swift; path = LivingPlaceViewController.swift; sourceTree = "<group>"; };
		FF8C35701C0C84860024474F /* Utils.swift */ = {isa = PBXFileReference; fileEncoding = 4; lastKnownFileType = sourcecode.swift; path = Utils.swift; sourceTree = "<group>"; };
/* End PBXFileReference section */

/* Begin PBXFrameworksBuildPhase section */
		FF8C35361C0C63D10024474F /* Frameworks */ = {
			isa = PBXFrameworksBuildPhase;
			buildActionMask = 2147483647;
			files = (
			);
			runOnlyForDeploymentPostprocessing = 0;
		};
		FF8C354A1C0C63D10024474F /* Frameworks */ = {
			isa = PBXFrameworksBuildPhase;
			buildActionMask = 2147483647;
			files = (
			);
			runOnlyForDeploymentPostprocessing = 0;
		};
		FF8C35551C0C63D10024474F /* Frameworks */ = {
			isa = PBXFrameworksBuildPhase;
			buildActionMask = 2147483647;
			files = (
			);
			runOnlyForDeploymentPostprocessing = 0;
		};
/* End PBXFrameworksBuildPhase section */

/* Begin PBXGroup section */
		3F7AC9CD1C4E3D83000B08C9 /* PickerButton */ = {
			isa = PBXGroup;
			children = (
				3F84F9201C4DCF1100E0B7FB /* PickerButton.swift */,
				3F7AC9CE1C4E3E7E000B08C9 /* CityButton.swift */,
			);
			name = PickerButton;
			sourceTree = "<group>";
		};
		3F7B9C471C48867D00987819 /* PickerView */ = {
			isa = PBXGroup;
			children = (
				3FEE36B61C4CC96E00598F5B /* PickerView.swift */,
				3F82CEC01C45F9DD00C27413 /* CityPickerView.swift */,
				3F82CEC21C4601EE00C27413 /* ProvincePickerView.swift */,
				3F84F9221C4DD90B00E0B7FB /* SalaryTypePickerView.swift */,
				3F84F9241C4DE09A00E0B7FB /* SalaryPickerView.swift */,
				3F84F9261C4DE0FB00E0B7FB /* JobTypePickerView.swift */,
				3F84F9281C4DE1A000E0B7FB /* JobPickerView.swift */,
			);
			name = PickerView;
			sourceTree = "<group>";
		};
		3FFB4FF81C4360DE00BD41DD /* PopView */ = {
			isa = PBXGroup;
			children = (
				3F7FB6841C47461A00A60BAB /* PopView.swift */,
				3FA125861C464AC3000F4530 /* PlacePopView.swift */,
				3FA125881C464B21000F4530 /* SalaryPopView.swift */,
				3FA1258A1C464B46000F4530 /* JobPopView.swift */,
				3F7AC9CD1C4E3D83000B08C9 /* PickerButton */,
				3F7B9C471C48867D00987819 /* PickerView */,
			);
			name = PopView;
			sourceTree = "<group>";
		};
		FF30B4691C16CF6D00550D71 /* Living */ = {
			isa = PBXGroup;
			children = (
				FF8C356E1C0C7E9A0024474F /* LivingPlaceViewController.swift */,
				FF8C356C1C0C77230024474F /* LivingPlaceTableViewCell.swift */,
			);
			name = Living;
			sourceTree = "<group>";
		};
		FF30B46A1C16CF7900550D71 /* Working */ = {
			isa = PBXGroup;
			children = (
				FF7624EF1C0DD9AB00F21D31 /* WorkingViewController.swift */,
				FF5F52DA1C0F0A66005EAD2C /* WorkingTableViewCell.swift */,
			);
			name = Working;
			sourceTree = "<group>";
		};
		FF30B46B1C16CF8600550D71 /* SexVc */ = {
			isa = PBXGroup;
			children = (
				FF5F52DC1C0F1F37005EAD2C /* SexViewController.swift */,
				FF5F52DE1C0F1F55005EAD2C /* SexTableViewCell.swift */,
			);
			name = SexVc;
			sourceTree = "<group>";
		};
		FF30B46C1C16CF9E00550D71 /* PickerAgeVc */ = {
			isa = PBXGroup;
			children = (
				FF7C6CF01C159C37003FE40C /* PickerViewController.swift */,
			);
			name = PickerAgeVc;
			sourceTree = "<group>";
		};
		FF30B4711C16D9D500550D71 /* JobSearch */ = {
			isa = PBXGroup;
			children = (
				FF30B46D1C16D00C00550D71 /* InformationVC.swift */,
				FF82B80E1C199EE600DBF9DC /* SetDashLine.swift */,
				FF7195141C328324007C9A1F /* menuButton */,
				3FFB4FF81C4360DE00BD41DD /* PopView */,
				FFDB28111C33E7870046B8B4 /* tableView */,
			);
			name = JobSearch;
			sourceTree = "<group>";
		};
		FF30B4801C16F31400550D71 /* Model */ = {
			isa = PBXGroup;
			children = (
				FF30B47E1C16F30C00550D71 /* Job.swift */,
			);
			name = Model;
			sourceTree = "<group>";
		};
		FF7195141C328324007C9A1F /* menuButton */ = {
			isa = PBXGroup;
			children = (
				FF7758751C2A8E9200C0457B /* MenuButton.swift */,
				FF77587F1C2AB10200C0457B /* Menu.swift */,
			);
			name = menuButton;
			sourceTree = "<group>";
		};
		FF8C35301C0C63D10024474F = {
			isa = PBXGroup;
			children = (
				FF8C353B1C0C63D10024474F /* MtoM fake */,
				FF8C35501C0C63D10024474F /* MtoM fakeTests */,
				FF8C355B1C0C63D10024474F /* MtoM fakeUITests */,
				FF8C353A1C0C63D10024474F /* Products */,
			);
			sourceTree = "<group>";
		};
		FF8C353A1C0C63D10024474F /* Products */ = {
			isa = PBXGroup;
			children = (
				FF8C35391C0C63D10024474F /* MtoM fake.app */,
				FF8C354D1C0C63D10024474F /* MtoM fakeTests.xctest */,
				FF8C35581C0C63D10024474F /* MtoM fakeUITests.xctest */,
			);
			name = Products;
			sourceTree = "<group>";
		};
		FF8C353B1C0C63D10024474F /* MtoM fake */ = {
			isa = PBXGroup;
			children = (
				FF8C353C1C0C63D10024474F /* AppDelegate.swift */,
				FF8C353E1C0C63D10024474F /* ViewController.swift */,
				FF8C35701C0C84860024474F /* Utils.swift */,
				3FA0DBDF1C3D0E99005B4D4E /* MTAutoLayout.swift */,
				FF30B4691C16CF6D00550D71 /* Living */,
				FF30B46A1C16CF7900550D71 /* Working */,
				FF30B46B1C16CF8600550D71 /* SexVc */,
				FF30B46C1C16CF9E00550D71 /* PickerAgeVc */,
				FF30B4801C16F31400550D71 /* Model */,
				FF30B4711C16D9D500550D71 /* JobSearch */,
				FF8C35431C0C63D10024474F /* Assets.xcassets */,
				3F82CEBD1C45ECA900C27413 /* Main.storyboard */,
				FF8C35451C0C63D10024474F /* LaunchScreen.storyboard */,
				FF8C35481C0C63D10024474F /* Info.plist */,
			);
			path = "MtoM fake";
			sourceTree = "<group>";
		};
		FF8C35501C0C63D10024474F /* MtoM fakeTests */ = {
			isa = PBXGroup;
			children = (
				FF8C35511C0C63D10024474F /* MtoM_fakeTests.swift */,
				FF8C35531C0C63D10024474F /* Info.plist */,
			);
			path = "MtoM fakeTests";
			sourceTree = "<group>";
		};
		FF8C355B1C0C63D10024474F /* MtoM fakeUITests */ = {
			isa = PBXGroup;
			children = (
				FF8C355C1C0C63D10024474F /* MtoM_fakeUITests.swift */,
				FF8C355E1C0C63D10024474F /* Info.plist */,
			);
			path = "MtoM fakeUITests";
			sourceTree = "<group>";
		};
		FFDB28111C33E7870046B8B4 /* tableView */ = {
			isa = PBXGroup;
			children = (
				FF30B4721C16D9EE00550D71 /* TitleCell.swift */,
				FF30B4741C16DA1300550D71 /* TextCell.swift */,
				FF30B4761C16DA2100550D71 /* IncomeCell.swift */,
				FF30B4781C16DA5800550D71 /* DetailsCell.swift */,
				FF30B47A1C16DA6600550D71 /* ApplyCell.swift */,
			);
			name = tableView;
			sourceTree = "<group>";
		};
/* End PBXGroup section */

/* Begin PBXNativeTarget section */
		FF8C35381C0C63D10024474F /* MtoM fake */ = {
			isa = PBXNativeTarget;
			buildConfigurationList = FF8C35611C0C63D10024474F /* Build configuration list for PBXNativeTarget "MtoM fake" */;
			buildPhases = (
				FF8C35351C0C63D10024474F /* Sources */,
				FF8C35361C0C63D10024474F /* Frameworks */,
				FF8C35371C0C63D10024474F /* Resources */,
			);
			buildRules = (
			);
			dependencies = (
			);
			name = "MtoM fake";
			productName = "MtoM fake";
			productReference = FF8C35391C0C63D10024474F /* MtoM fake.app */;
			productType = "com.apple.product-type.application";
		};
		FF8C354C1C0C63D10024474F /* MtoM fakeTests */ = {
			isa = PBXNativeTarget;
			buildConfigurationList = FF8C35641C0C63D10024474F /* Build configuration list for PBXNativeTarget "MtoM fakeTests" */;
			buildPhases = (
				FF8C35491C0C63D10024474F /* Sources */,
				FF8C354A1C0C63D10024474F /* Frameworks */,
				FF8C354B1C0C63D10024474F /* Resources */,
			);
			buildRules = (
			);
			dependencies = (
				FF8C354F1C0C63D10024474F /* PBXTargetDependency */,
			);
			name = "MtoM fakeTests";
			productName = "MtoM fakeTests";
			productReference = FF8C354D1C0C63D10024474F /* MtoM fakeTests.xctest */;
			productType = "com.apple.product-type.bundle.unit-test";
		};
		FF8C35571C0C63D10024474F /* MtoM fakeUITests */ = {
			isa = PBXNativeTarget;
			buildConfigurationList = FF8C35671C0C63D10024474F /* Build configuration list for PBXNativeTarget "MtoM fakeUITests" */;
			buildPhases = (
				FF8C35541C0C63D10024474F /* Sources */,
				FF8C35551C0C63D10024474F /* Frameworks */,
				FF8C35561C0C63D10024474F /* Resources */,
			);
			buildRules = (
			);
			dependencies = (
				FF8C355A1C0C63D10024474F /* PBXTargetDependency */,
			);
			name = "MtoM fakeUITests";
			productName = "MtoM fakeUITests";
			productReference = FF8C35581C0C63D10024474F /* MtoM fakeUITests.xctest */;
			productType = "com.apple.product-type.bundle.ui-testing";
		};
/* End PBXNativeTarget section */

/* Begin PBXProject section */
		FF8C35311C0C63D10024474F /* Project object */ = {
			isa = PBXProject;
			attributes = {
				LastSwiftUpdateCheck = 0710;
				LastUpgradeCheck = 0710;
				ORGANIZATIONNAME = "Trương Thắng";
				TargetAttributes = {
					FF8C35381C0C63D10024474F = {
						CreatedOnToolsVersion = 7.1.1;
					};
					FF8C354C1C0C63D10024474F = {
						CreatedOnToolsVersion = 7.1.1;
						TestTargetID = FF8C35381C0C63D10024474F;
					};
					FF8C35571C0C63D10024474F = {
						CreatedOnToolsVersion = 7.1.1;
						TestTargetID = FF8C35381C0C63D10024474F;
					};
				};
			};
			buildConfigurationList = FF8C35341C0C63D10024474F /* Build configuration list for PBXProject "MtoM fake" */;
			compatibilityVersion = "Xcode 3.2";
			developmentRegion = English;
			hasScannedForEncodings = 0;
			knownRegions = (
				en,
				Base,
			);
			mainGroup = FF8C35301C0C63D10024474F;
			productRefGroup = FF8C353A1C0C63D10024474F /* Products */;
			projectDirPath = "";
			projectRoot = "";
			targets = (
				FF8C35381C0C63D10024474F /* MtoM fake */,
				FF8C354C1C0C63D10024474F /* MtoM fakeTests */,
				FF8C35571C0C63D10024474F /* MtoM fakeUITests */,
			);
		};
/* End PBXProject section */

/* Begin PBXResourcesBuildPhase section */
		FF8C35371C0C63D10024474F /* Resources */ = {
			isa = PBXResourcesBuildPhase;
			buildActionMask = 2147483647;
			files = (
				3F82CEBF1C45ECA900C27413 /* Main.storyboard in Resources */,
				FF8C35471C0C63D10024474F /* LaunchScreen.storyboard in Resources */,
				FF8C35441C0C63D10024474F /* Assets.xcassets in Resources */,
			);
			runOnlyForDeploymentPostprocessing = 0;
		};
		FF8C354B1C0C63D10024474F /* Resources */ = {
			isa = PBXResourcesBuildPhase;
			buildActionMask = 2147483647;
			files = (
			);
			runOnlyForDeploymentPostprocessing = 0;
		};
		FF8C35561C0C63D10024474F /* Resources */ = {
			isa = PBXResourcesBuildPhase;
			buildActionMask = 2147483647;
			files = (
			);
			runOnlyForDeploymentPostprocessing = 0;
		};
/* End PBXResourcesBuildPhase section */

/* Begin PBXSourcesBuildPhase section */
		FF8C35351C0C63D10024474F /* Sources */ = {
			isa = PBXSourcesBuildPhase;
			buildActionMask = 2147483647;
			files = (
				FF30B47B1C16DA6600550D71 /* ApplyCell.swift in Sources */,
				FF30B4731C16D9EE00550D71 /* TitleCell.swift in Sources */,
				3FA0DBE01C3D0E99005B4D4E /* MTAutoLayout.swift in Sources */,
				FF7C6CF11C159C37003FE40C /* PickerViewController.swift in Sources */,
				3F84F9211C4DCF1100E0B7FB /* PickerButton.swift in Sources */,
				3F84F9271C4DE0FB00E0B7FB /* JobTypePickerView.swift in Sources */,
				FF8C353F1C0C63D10024474F /* ViewController.swift in Sources */,
				FF82B80F1C199EE600DBF9DC /* SetDashLine.swift in Sources */,
				FF5F52DD1C0F1F37005EAD2C /* SexViewController.swift in Sources */,
				FF30B46E1C16D00C00550D71 /* InformationVC.swift in Sources */,
				FF8C356D1C0C77230024474F /* LivingPlaceTableViewCell.swift in Sources */,
				3F84F9231C4DD90B00E0B7FB /* SalaryTypePickerView.swift in Sources */,
				3F7AC9CF1C4E3E7E000B08C9 /* CityButton.swift in Sources */,
				3FA125891C464B21000F4530 /* SalaryPopView.swift in Sources */,
				3F82CEC31C4601EE00C27413 /* ProvincePickerView.swift in Sources */,
				FF30B4771C16DA2100550D71 /* IncomeCell.swift in Sources */,
				3FEE36B71C4CC96E00598F5B /* PickerView.swift in Sources */,
				FF7758801C2AB10200C0457B /* Menu.swift in Sources */,
				FF5F52DB1C0F0A66005EAD2C /* WorkingTableViewCell.swift in Sources */,
				3FA1258B1C464B46000F4530 /* JobPopView.swift in Sources */,
				FF30B4751C16DA1300550D71 /* TextCell.swift in Sources */,
				3F84F9251C4DE09A00E0B7FB /* SalaryPickerView.swift in Sources */,
				3FA125871C464AC3000F4530 /* PlacePopView.swift in Sources */,
				3F7FB6851C47461A00A60BAB /* PopView.swift in Sources */,
				FF5F52DF1C0F1F55005EAD2C /* SexTableViewCell.swift in Sources */,
				FF7758761C2A8E9200C0457B /* MenuButton.swift in Sources */,
				3F84F9291C4DE1A000E0B7FB /* JobPickerView.swift in Sources */,
				FF8C35711C0C84860024474F /* Utils.swift in Sources */,
				FF8C353D1C0C63D10024474F /* AppDelegate.swift in Sources */,
				FF30B4791C16DA5800550D71 /* DetailsCell.swift in Sources */,
				3F82CEC11C45F9DD00C27413 /* CityPickerView.swift in Sources */,
				FF30B47F1C16F30C00550D71 /* Job.swift in Sources */,
				FF8C356F1C0C7E9A0024474F /* LivingPlaceViewController.swift in Sources */,
				FF7624F01C0DD9AB00F21D31 /* WorkingViewController.swift in Sources */,
			);
			runOnlyForDeploymentPostprocessing = 0;
		};
		FF8C35491C0C63D10024474F /* Sources */ = {
			isa = PBXSourcesBuildPhase;
			buildActionMask = 2147483647;
			files = (
				FF8C35521C0C63D10024474F /* MtoM_fakeTests.swift in Sources */,
			);
			runOnlyForDeploymentPostprocessing = 0;
		};
		FF8C35541C0C63D10024474F /* Sources */ = {
			isa = PBXSourcesBuildPhase;
			buildActionMask = 2147483647;
			files = (
				FF8C355D1C0C63D10024474F /* MtoM_fakeUITests.swift in Sources */,
			);
			runOnlyForDeploymentPostprocessing = 0;
		};
/* End PBXSourcesBuildPhase section */

/* Begin PBXTargetDependency section */
		FF8C354F1C0C63D10024474F /* PBXTargetDependency */ = {
			isa = PBXTargetDependency;
			target = FF8C35381C0C63D10024474F /* MtoM fake */;
			targetProxy = FF8C354E1C0C63D10024474F /* PBXContainerItemProxy */;
		};
		FF8C355A1C0C63D10024474F /* PBXTargetDependency */ = {
			isa = PBXTargetDependency;
			target = FF8C35381C0C63D10024474F /* MtoM fake */;
			targetProxy = FF8C35591C0C63D10024474F /* PBXContainerItemProxy */;
		};
/* End PBXTargetDependency section */

/* Begin PBXVariantGroup section */
		3F82CEBD1C45ECA900C27413 /* Main.storyboard */ = {
			isa = PBXVariantGroup;
			children = (
				3F82CEBE1C45ECA900C27413 /* Base */,
			);
			name = Main.storyboard;
			sourceTree = "<group>";
		};
		FF8C35451C0C63D10024474F /* LaunchScreen.storyboard */ = {
			isa = PBXVariantGroup;
			children = (
				FF8C35461C0C63D10024474F /* Base */,
			);
			name = LaunchScreen.storyboard;
			sourceTree = "<group>";
		};
/* End PBXVariantGroup section */

/* Begin XCBuildConfiguration section */
		FF8C355F1C0C63D10024474F /* Debug */ = {
			isa = XCBuildConfiguration;
			buildSettings = {
				ALWAYS_SEARCH_USER_PATHS = NO;
				CLANG_CXX_LANGUAGE_STANDARD = "gnu++0x";
				CLANG_CXX_LIBRARY = "libc++";
				CLANG_ENABLE_MODULES = YES;
				CLANG_ENABLE_OBJC_ARC = YES;
				CLANG_WARN_BOOL_CONVERSION = YES;
				CLANG_WARN_CONSTANT_CONVERSION = YES;
				CLANG_WARN_DIRECT_OBJC_ISA_USAGE = YES_ERROR;
				CLANG_WARN_EMPTY_BODY = YES;
				CLANG_WARN_ENUM_CONVERSION = YES;
				CLANG_WARN_INT_CONVERSION = YES;
				CLANG_WARN_OBJC_ROOT_CLASS = YES_ERROR;
				CLANG_WARN_UNREACHABLE_CODE = YES;
				CLANG_WARN__DUPLICATE_METHOD_MATCH = YES;
				"CODE_SIGN_IDENTITY[sdk=iphoneos*]" = "iPhone Developer";
				COPY_PHASE_STRIP = NO;
				DEBUG_INFORMATION_FORMAT = dwarf;
				ENABLE_STRICT_OBJC_MSGSEND = YES;
				ENABLE_TESTABILITY = YES;
				GCC_C_LANGUAGE_STANDARD = gnu99;
				GCC_DYNAMIC_NO_PIC = NO;
				GCC_NO_COMMON_BLOCKS = YES;
				GCC_OPTIMIZATION_LEVEL = 0;
				GCC_PREPROCESSOR_DEFINITIONS = (
					"DEBUG=1",
					"$(inherited)",
				);
				GCC_WARN_64_TO_32_BIT_CONVERSION = YES;
				GCC_WARN_ABOUT_RETURN_TYPE = YES_ERROR;
				GCC_WARN_UNDECLARED_SELECTOR = YES;
				GCC_WARN_UNINITIALIZED_AUTOS = YES_AGGRESSIVE;
				GCC_WARN_UNUSED_FUNCTION = YES;
				GCC_WARN_UNUSED_VARIABLE = YES;
				IPHONEOS_DEPLOYMENT_TARGET = 9.1;
				MTL_ENABLE_DEBUG_INFO = YES;
				ONLY_ACTIVE_ARCH = YES;
				SDKROOT = iphoneos;
				SWIFT_OPTIMIZATION_LEVEL = "-Onone";
			};
			name = Debug;
		};
		FF8C35601C0C63D10024474F /* Release */ = {
			isa = XCBuildConfiguration;
			buildSettings = {
				ALWAYS_SEARCH_USER_PATHS = NO;
				CLANG_CXX_LANGUAGE_STANDARD = "gnu++0x";
				CLANG_CXX_LIBRARY = "libc++";
				CLANG_ENABLE_MODULES = YES;
				CLANG_ENABLE_OBJC_ARC = YES;
				CLANG_WARN_BOOL_CONVERSION = YES;
				CLANG_WARN_CONSTANT_CONVERSION = YES;
				CLANG_WARN_DIRECT_OBJC_ISA_USAGE = YES_ERROR;
				CLANG_WARN_EMPTY_BODY = YES;
				CLANG_WARN_ENUM_CONVERSION = YES;
				CLANG_WARN_INT_CONVERSION = YES;
				CLANG_WARN_OBJC_ROOT_CLASS = YES_ERROR;
				CLANG_WARN_UNREACHABLE_CODE = YES;
				CLANG_WARN__DUPLICATE_METHOD_MATCH = YES;
				"CODE_SIGN_IDENTITY[sdk=iphoneos*]" = "iPhone Developer";
				COPY_PHASE_STRIP = NO;
				DEBUG_INFORMATION_FORMAT = "dwarf-with-dsym";
				ENABLE_NS_ASSERTIONS = NO;
				ENABLE_STRICT_OBJC_MSGSEND = YES;
				GCC_C_LANGUAGE_STANDARD = gnu99;
				GCC_NO_COMMON_BLOCKS = YES;
				GCC_WARN_64_TO_32_BIT_CONVERSION = YES;
				GCC_WARN_ABOUT_RETURN_TYPE = YES_ERROR;
				GCC_WARN_UNDECLARED_SELECTOR = YES;
				GCC_WARN_UNINITIALIZED_AUTOS = YES_AGGRESSIVE;
				GCC_WARN_UNUSED_FUNCTION = YES;
				GCC_WARN_UNUSED_VARIABLE = YES;
				IPHONEOS_DEPLOYMENT_TARGET = 9.1;
				MTL_ENABLE_DEBUG_INFO = NO;
				SDKROOT = iphoneos;
				VALIDATE_PRODUCT = YES;
			};
			name = Release;
		};
		FF8C35621C0C63D10024474F /* Debug */ = {
			isa = XCBuildConfiguration;
			buildSettings = {
				ASSETCATALOG_COMPILER_APPICON_NAME = AppIcon;
				INFOPLIST_FILE = "MtoM fake/Info.plist";
				LD_RUNPATH_SEARCH_PATHS = "$(inherited) @executable_path/Frameworks";
				PRODUCT_BUNDLE_IDENTIFIER = "truongthang.test.MtoM-fake";
				PRODUCT_NAME = "$(TARGET_NAME)";
			};
			name = Debug;
		};
		FF8C35631C0C63D10024474F /* Release */ = {
			isa = XCBuildConfiguration;
			buildSettings = {
				ASSETCATALOG_COMPILER_APPICON_NAME = AppIcon;
				INFOPLIST_FILE = "MtoM fake/Info.plist";
				LD_RUNPATH_SEARCH_PATHS = "$(inherited) @executable_path/Frameworks";
				PRODUCT_BUNDLE_IDENTIFIER = "truongthang.test.MtoM-fake";
				PRODUCT_NAME = "$(TARGET_NAME)";
				SWIFT_OPTIMIZATION_LEVEL = "-Onone";
			};
			name = Release;
		};
		FF8C35651C0C63D10024474F /* Debug */ = {
			isa = XCBuildConfiguration;
			buildSettings = {
				BUNDLE_LOADER = "$(TEST_HOST)";
				INFOPLIST_FILE = "MtoM fakeTests/Info.plist";
				LD_RUNPATH_SEARCH_PATHS = "$(inherited) @executable_path/Frameworks @loader_path/Frameworks";
				PRODUCT_BUNDLE_IDENTIFIER = "truongthang.test.MtoM-fakeTests";
				PRODUCT_NAME = "$(TARGET_NAME)";
				TEST_HOST = "$(BUILT_PRODUCTS_DIR)/MtoM fake.app/MtoM fake";
			};
			name = Debug;
		};
		FF8C35661C0C63D10024474F /* Release */ = {
			isa = XCBuildConfiguration;
			buildSettings = {
				BUNDLE_LOADER = "$(TEST_HOST)";
				INFOPLIST_FILE = "MtoM fakeTests/Info.plist";
				LD_RUNPATH_SEARCH_PATHS = "$(inherited) @executable_path/Frameworks @loader_path/Frameworks";
				PRODUCT_BUNDLE_IDENTIFIER = "truongthang.test.MtoM-fakeTests";
				PRODUCT_NAME = "$(TARGET_NAME)";
				TEST_HOST = "$(BUILT_PRODUCTS_DIR)/MtoM fake.app/MtoM fake";
			};
			name = Release;
		};
		FF8C35681C0C63D10024474F /* Debug */ = {
			isa = XCBuildConfiguration;
			buildSettings = {
				INFOPLIST_FILE = "MtoM fakeUITests/Info.plist";
				LD_RUNPATH_SEARCH_PATHS = "$(inherited) @executable_path/Frameworks @loader_path/Frameworks";
				PRODUCT_BUNDLE_IDENTIFIER = "truongthang.test.MtoM-fakeUITests";
				PRODUCT_NAME = "$(TARGET_NAME)";
				TEST_TARGET_NAME = "MtoM fake";
				USES_XCTRUNNER = YES;
			};
			name = Debug;
		};
		FF8C35691C0C63D10024474F /* Release */ = {
			isa = XCBuildConfiguration;
			buildSettings = {
				INFOPLIST_FILE = "MtoM fakeUITests/Info.plist";
				LD_RUNPATH_SEARCH_PATHS = "$(inherited) @executable_path/Frameworks @loader_path/Frameworks";
				PRODUCT_BUNDLE_IDENTIFIER = "truongthang.test.MtoM-fakeUITests";
				PRODUCT_NAME = "$(TARGET_NAME)";
				TEST_TARGET_NAME = "MtoM fake";
				USES_XCTRUNNER = YES;
			};
			name = Release;
		};
/* End XCBuildConfiguration section */

/* Begin XCConfigurationList section */
		FF8C35341C0C63D10024474F /* Build configuration list for PBXProject "MtoM fake" */ = {
			isa = XCConfigurationList;
			buildConfigurations = (
				FF8C355F1C0C63D10024474F /* Debug */,
				FF8C35601C0C63D10024474F /* Release */,
			);
			defaultConfigurationIsVisible = 0;
			defaultConfigurationName = Release;
		};
		FF8C35611C0C63D10024474F /* Build configuration list for PBXNativeTarget "MtoM fake" */ = {
			isa = XCConfigurationList;
			buildConfigurations = (
				FF8C35621C0C63D10024474F /* Debug */,
				FF8C35631C0C63D10024474F /* Release */,
			);
			defaultConfigurationIsVisible = 0;
			defaultConfigurationName = Release;
		};
		FF8C35641C0C63D10024474F /* Build configuration list for PBXNativeTarget "MtoM fakeTests" */ = {
			isa = XCConfigurationList;
			buildConfigurations = (
				FF8C35651C0C63D10024474F /* Debug */,
				FF8C35661C0C63D10024474F /* Release */,
			);
			defaultConfigurationIsVisible = 0;
			defaultConfigurationName = Release;
		};
		FF8C35671C0C63D10024474F /* Build configuration list for PBXNativeTarget "MtoM fakeUITests" */ = {
			isa = XCConfigurationList;
			buildConfigurations = (
				FF8C35681C0C63D10024474F /* Debug */,
				FF8C35691C0C63D10024474F /* Release */,
			);
			defaultConfigurationIsVisible = 0;
			defaultConfigurationName = Release;
		};
/* End XCConfigurationList section */
	};
	rootObject = FF8C35311C0C63D10024474F /* Project object */;
}
